{
  "version": 4,
  "terraform_version": "1.4.6",
  "serial": 41,
  "lineage": "408f2f8e-5c75-acfc-3c43-12cd05e83ff4",
  "outputs": {},
  "resources": [
    {
      "module": "module.accelerator_creation[\"cloud-exponence-295312-is-vmON\"]",
      "mode": "managed",
      "type": "google_cloud_scheduler_job",
      "name": "job",
      "provider": "provider[\"registry.terraform.io/hashicorp/google\"]",
      "instances": [
        {
          "schema_version": 0,
          "attributes": {
            "app_engine_http_target": [],
            "attempt_deadline": "",
            "description": "Cloud Scheduler to turn on labeled VMs",
            "http_target": [],
            "id": "projects/cloud-exponence-295312/locations/us-central1/jobs/is1",
            "name": "is1",
            "paused": false,
            "project": "cloud-exponence-295312",
            "pubsub_target": [
              {
                "attributes": null,
                "data": "aSBhbSBhIHJvYm90Li4uYmVlcCBib29wIGJlZXAgYm9vcA==",
                "topic_name": "projects/cloud-exponence-295312/topics/is-vmON"
              }
            ],
            "region": "us-central1",
            "retry_config": [],
            "schedule": "*/5 * * * *",
            "state": "ENABLED",
            "time_zone": "Asia/Kolkata",
            "timeouts": null
          },
          "sensitive_attributes": [],
          "private": "eyJlMmJmYjczMC1lY2FhLTExZTYtOGY4OC0zNDM2M2JjN2M0YzAiOnsiY3JlYXRlIjoxMjAwMDAwMDAwMDAwLCJkZWxldGUiOjEyMDAwMDAwMDAwMDAsInVwZGF0ZSI6MTIwMDAwMDAwMDAwMH19",
          "dependencies": [
            "module.accelerator_creation.google_pubsub_topic.topic"
          ]
        }
      ]
    },
    {
      "module": "module.accelerator_creation[\"cloud-exponence-295312-is-vmON\"]",
      "mode": "managed",
      "type": "google_cloud_scheduler_job",
      "name": "job2",
      "provider": "provider[\"registry.terraform.io/hashicorp/google\"]",
      "instances": [
        {
          "schema_version": 0,
          "attributes": {
            "app_engine_http_target": [],
            "attempt_deadline": "",
            "description": "Cloud Scheduler to turn off labeled VMs to save on cost and reduce risk.",
            "http_target": [],
            "id": "projects/cloud-exponence-295312/locations/us-central1/jobs/is2",
            "name": "is2",
            "paused": false,
            "project": "cloud-exponence-295312",
            "pubsub_target": [
              {
                "attributes": null,
                "data": "aSBhbSBhIHJvYm90Li4uYmVlcCBib29wIGJlZXAgYm9vcA==",
                "topic_name": "projects/cloud-exponence-295312/topics/is-vmOFF"
              }
            ],
            "region": "us-central1",
            "retry_config": [],
            "schedule": "*/7 * * * *",
            "state": "ENABLED",
            "time_zone": "Asia/Kolkata",
            "timeouts": null
          },
          "sensitive_attributes": [],
          "private": "eyJlMmJmYjczMC1lY2FhLTExZTYtOGY4OC0zNDM2M2JjN2M0YzAiOnsiY3JlYXRlIjoxMjAwMDAwMDAwMDAwLCJkZWxldGUiOjEyMDAwMDAwMDAwMDAsInVwZGF0ZSI6MTIwMDAwMDAwMDAwMH19",
          "dependencies": [
            "module.accelerator_creation.google_pubsub_topic.topic2"
          ]
        }
      ]
    },
    {
      "module": "module.accelerator_creation[\"cloud-exponence-295312-is-vmON\"]",
      "mode": "managed",
      "type": "google_cloudfunctions_function",
      "name": "function",
      "provider": "provider[\"registry.terraform.io/hashicorp/google\"]",
      "instances": [
        {
          "schema_version": 0,
          "attributes": {
            "available_memory_mb": 128,
            "build_environment_variables": null,
            "build_worker_pool": "",
            "description": "Cloud function to do the heavy lifting",
            "docker_registry": "CONTAINER_REGISTRY",
            "docker_repository": "",
            "entry_point": "vm_scheduler_start",
            "environment_variables": {
              "LABEL_KEY": "instance-scheduler",
              "LABEL_VALUE": "stop",
              "PROJECT": "cloud-exponence-295312"
            },
            "event_trigger": [
              {
                "event_type": "google.pubsub.topic.publish",
                "failure_policy": [
                  {
                    "retry": false
                  }
                ],
                "resource": "projects/cloud-exponence-295312/topics/is-vmON"
              }
            ],
            "https_trigger_security_level": null,
            "https_trigger_url": null,
            "id": "projects/cloud-exponence-295312/locations/us-central1/functions/is-start-fun",
            "ingress_settings": "ALLOW_ALL",
            "kms_key_name": "",
            "labels": null,
            "max_instances": 3000,
            "min_instances": 0,
            "name": "is-start-fun",
            "project": "cloud-exponence-295312",
            "region": "us-central1",
            "runtime": "python37",
            "secret_environment_variables": [],
            "secret_volumes": [],
            "service_account_email": "is-srva-vm@cloud-exponence-295312.iam.gserviceaccount.com",
            "source_archive_bucket": "is-bucket-vm9645",
            "source_archive_object": "start.zip",
            "source_repository": [],
            "timeout": 120,
            "timeouts": null,
            "trigger_http": null,
            "vpc_connector": "",
            "vpc_connector_egress_settings": ""
          },
          "sensitive_attributes": [],
          "private": "eyJlMmJmYjczMC1lY2FhLTExZTYtOGY4OC0zNDM2M2JjN2M0YzAiOnsiY3JlYXRlIjozMDAwMDAwMDAwMDAsImRlbGV0ZSI6MzAwMDAwMDAwMDAwLCJyZWFkIjozMDAwMDAwMDAwMDAsInVwZGF0ZSI6MzAwMDAwMDAwMDAwfX0=",
          "dependencies": [
            "module.accelerator_creation.google_pubsub_topic.topic",
            "module.accelerator_creation.google_service_account.sa",
            "module.accelerator_creation.google_storage_bucket.bucket",
            "module.accelerator_creation.google_storage_bucket_object.archive"
          ]
        }
      ]
    },
    {
      "module": "module.accelerator_creation[\"cloud-exponence-295312-is-vmON\"]",
      "mode": "managed",
      "type": "google_cloudfunctions_function",
      "name": "functiontwo",
      "provider": "provider[\"registry.terraform.io/hashicorp/google\"]",
      "instances": [
        {
          "schema_version": 0,
          "attributes": {
            "available_memory_mb": 128,
            "build_environment_variables": null,
            "build_worker_pool": "",
            "description": "Cloud function to do the heavy lifting",
            "docker_registry": "CONTAINER_REGISTRY",
            "docker_repository": "",
            "entry_point": "vm_scheduler_stop",
            "environment_variables": {
              "LABEL_KEY": "instance-scheduler",
              "LABEL_VALUE": "stop",
              "PROJECT": "cloud-exponence-295312"
            },
            "event_trigger": [
              {
                "event_type": "google.pubsub.topic.publish",
                "failure_policy": [
                  {
                    "retry": false
                  }
                ],
                "resource": "projects/cloud-exponence-295312/topics/is-vmOFF"
              }
            ],
            "https_trigger_security_level": null,
            "https_trigger_url": null,
            "id": "projects/cloud-exponence-295312/locations/us-central1/functions/is-stop-fun",
            "ingress_settings": "ALLOW_ALL",
            "kms_key_name": "",
            "labels": null,
            "max_instances": 3000,
            "min_instances": 0,
            "name": "is-stop-fun",
            "project": "cloud-exponence-295312",
            "region": "us-central1",
            "runtime": "python37",
            "secret_environment_variables": [],
            "secret_volumes": [],
            "service_account_email": "is-srva-vm@cloud-exponence-295312.iam.gserviceaccount.com",
            "source_archive_bucket": "is-bucket-vm9645",
            "source_archive_object": "stop.zip",
            "source_repository": [],
            "timeout": 120,
            "timeouts": null,
            "trigger_http": null,
            "vpc_connector": "",
            "vpc_connector_egress_settings": ""
          },
          "sensitive_attributes": [],
          "private": "eyJlMmJmYjczMC1lY2FhLTExZTYtOGY4OC0zNDM2M2JjN2M0YzAiOnsiY3JlYXRlIjozMDAwMDAwMDAwMDAsImRlbGV0ZSI6MzAwMDAwMDAwMDAwLCJyZWFkIjozMDAwMDAwMDAwMDAsInVwZGF0ZSI6MzAwMDAwMDAwMDAwfX0=",
          "dependencies": [
            "module.accelerator_creation.google_pubsub_topic.topic2",
            "module.accelerator_creation.google_service_account.sa",
            "module.accelerator_creation.google_storage_bucket.bucket",
            "module.accelerator_creation.google_storage_bucket_object.archive2"
          ]
        }
      ]
    },
    {
      "module": "module.accelerator_creation[\"cloud-exponence-295312-is-vmON\"]",
      "mode": "managed",
      "type": "google_pubsub_topic",
      "name": "topic",
      "provider": "provider[\"registry.terraform.io/hashicorp/google\"]",
      "instances": [
        {
          "schema_version": 0,
          "attributes": {
            "id": "projects/cloud-exponence-295312/topics/is-vmON",
            "kms_key_name": "",
            "labels": null,
            "message_retention_duration": "",
            "message_storage_policy": [],
            "name": "is-vmON",
            "project": "cloud-exponence-295312",
            "schema_settings": [],
            "timeouts": null
          },
          "sensitive_attributes": [],
          "private": "eyJlMmJmYjczMC1lY2FhLTExZTYtOGY4OC0zNDM2M2JjN2M0YzAiOnsiY3JlYXRlIjoxMjAwMDAwMDAwMDAwLCJkZWxldGUiOjEyMDAwMDAwMDAwMDAsInVwZGF0ZSI6MTIwMDAwMDAwMDAwMH19"
        }
      ]
    },
    {
      "module": "module.accelerator_creation[\"cloud-exponence-295312-is-vmON\"]",
      "mode": "managed",
      "type": "google_pubsub_topic",
      "name": "topic2",
      "provider": "provider[\"registry.terraform.io/hashicorp/google\"]",
      "instances": [
        {
          "schema_version": 0,
          "attributes": {
            "id": "projects/cloud-exponence-295312/topics/is-vmOFF",
            "kms_key_name": "",
            "labels": null,
            "message_retention_duration": "",
            "message_storage_policy": [],
            "name": "is-vmOFF",
            "project": "cloud-exponence-295312",
            "schema_settings": [],
            "timeouts": null
          },
          "sensitive_attributes": [],
          "private": "eyJlMmJmYjczMC1lY2FhLTExZTYtOGY4OC0zNDM2M2JjN2M0YzAiOnsiY3JlYXRlIjoxMjAwMDAwMDAwMDAwLCJkZWxldGUiOjEyMDAwMDAwMDAwMDAsInVwZGF0ZSI6MTIwMDAwMDAwMDAwMH19"
        }
      ]
    },
    {
      "module": "module.accelerator_creation[\"cloud-exponence-295312-is-vmON\"]",
      "mode": "managed",
      "type": "google_service_account",
      "name": "sa",
      "provider": "provider[\"registry.terraform.io/hashicorp/google\"]",
      "instances": [
        {
          "schema_version": 0,
          "attributes": {
            "account_id": "is-srva-vm",
            "description": "",
            "disabled": false,
            "display_name": "is-srva-vm",
            "email": "is-srva-vm@cloud-exponence-295312.iam.gserviceaccount.com",
            "id": "projects/cloud-exponence-295312/serviceAccounts/is-srva-vm@cloud-exponence-295312.iam.gserviceaccount.com",
            "member": "serviceAccount:is-srva-vm@cloud-exponence-295312.iam.gserviceaccount.com",
            "name": "projects/cloud-exponence-295312/serviceAccounts/is-srva-vm@cloud-exponence-295312.iam.gserviceaccount.com",
            "project": "cloud-exponence-295312",
            "timeouts": null,
            "unique_id": "105653148502000223556"
          },
          "sensitive_attributes": [],
          "private": "eyJlMmJmYjczMC1lY2FhLTExZTYtOGY4OC0zNDM2M2JjN2M0YzAiOnsiY3JlYXRlIjozMDAwMDAwMDAwMDB9fQ=="
        }
      ]
    },
    {
      "module": "module.accelerator_creation[\"cloud-exponence-295312-is-vmON\"]",
      "mode": "managed",
      "type": "google_storage_bucket",
      "name": "bucket",
      "provider": "provider[\"registry.terraform.io/hashicorp/google\"]",
      "instances": [
        {
          "schema_version": 0,
          "attributes": {
            "autoclass": [],
            "cors": [],
            "custom_placement_config": [],
            "default_event_based_hold": false,
            "encryption": [],
            "force_destroy": false,
            "id": "is-bucket-vm9645",
            "labels": null,
            "lifecycle_rule": [],
            "location": "US",
            "logging": [],
            "name": "is-bucket-vm9645",
            "project": "cloud-exponence-295312",
            "public_access_prevention": "inherited",
            "requester_pays": false,
            "retention_policy": [],
            "self_link": "https://www.googleapis.com/storage/v1/b/is-bucket-vm9645",
            "storage_class": "STANDARD",
            "timeouts": null,
            "uniform_bucket_level_access": false,
            "url": "gs://is-bucket-vm9645",
            "versioning": [],
            "website": []
          },
          "sensitive_attributes": [],
          "private": "eyJlMmJmYjczMC1lY2FhLTExZTYtOGY4OC0zNDM2M2JjN2M0YzAiOnsiY3JlYXRlIjo2MDAwMDAwMDAwMDAsInJlYWQiOjI0MDAwMDAwMDAwMCwidXBkYXRlIjoyNDAwMDAwMDAwMDB9fQ=="
        }
      ]
    },
    {
      "module": "module.accelerator_creation[\"cloud-exponence-295312-is-vmON\"]",
      "mode": "managed",
      "type": "google_storage_bucket_object",
      "name": "archive",
      "provider": "provider[\"registry.terraform.io/hashicorp/google\"]",
      "instances": [
        {
          "schema_version": 0,
          "attributes": {
            "bucket": "is-bucket-vm9645",
            "cache_control": "",
            "content": null,
            "content_disposition": "",
            "content_encoding": "",
            "content_language": "",
            "content_type": "application/zip",
            "crc32c": "iANbiQ==",
            "customer_encryption": [],
            "detect_md5hash": "Dqb7qMUBoQHd0WjKdhOC3g==",
            "event_based_hold": false,
            "id": "is-bucket-vm9645-start.zip",
            "kms_key_name": "",
            "md5hash": "Dqb7qMUBoQHd0WjKdhOC3g==",
            "media_link": "https://storage.googleapis.com/download/storage/v1/b/is-bucket-vm9645/o/start.zip?generation=1683435974693412\u0026alt=media",
            "metadata": null,
            "name": "start.zip",
            "output_name": "start.zip",
            "self_link": "https://www.googleapis.com/storage/v1/b/is-bucket-vm9645/o/start.zip",
            "source": "/home/kalyanbabu_u/accelerator_reusable_code/cloud_fun_scripts/start/start_vm11.zip",
            "storage_class": "STANDARD",
            "temporary_hold": false,
            "timeouts": null
          },
          "sensitive_attributes": [],
          "private": "eyJlMmJmYjczMC1lY2FhLTExZTYtOGY4OC0zNDM2M2JjN2M0YzAiOnsiY3JlYXRlIjoyNDAwMDAwMDAwMDAsImRlbGV0ZSI6MjQwMDAwMDAwMDAwLCJ1cGRhdGUiOjI0MDAwMDAwMDAwMH19",
          "dependencies": [
            "module.accelerator_creation.google_storage_bucket.bucket"
          ]
        }
      ]
    },
    {
      "module": "module.accelerator_creation[\"cloud-exponence-295312-is-vmON\"]",
      "mode": "managed",
      "type": "google_storage_bucket_object",
      "name": "archive2",
      "provider": "provider[\"registry.terraform.io/hashicorp/google\"]",
      "instances": [
        {
          "schema_version": 0,
          "attributes": {
            "bucket": "is-bucket-vm9645",
            "cache_control": "",
            "content": null,
            "content_disposition": "",
            "content_encoding": "",
            "content_language": "",
            "content_type": "application/zip",
            "crc32c": "TSClyw==",
            "customer_encryption": [],
            "detect_md5hash": "YeI/ynX0yxkcFElqiChW3Q==",
            "event_based_hold": false,
            "id": "is-bucket-vm9645-stop.zip",
            "kms_key_name": "",
            "md5hash": "YeI/ynX0yxkcFElqiChW3Q==",
            "media_link": "https://storage.googleapis.com/download/storage/v1/b/is-bucket-vm9645/o/stop.zip?generation=1683435973892633\u0026alt=media",
            "metadata": null,
            "name": "stop.zip",
            "output_name": "stop.zip",
            "self_link": "https://www.googleapis.com/storage/v1/b/is-bucket-vm9645/o/stop.zip",
            "source": "/home/kalyanbabu_u/accelerator_reusable_code/cloud_fun_scripts/stop/stop_vm11.zip",
            "storage_class": "STANDARD",
            "temporary_hold": false,
            "timeouts": null
          },
          "sensitive_attributes": [],
          "private": "eyJlMmJmYjczMC1lY2FhLTExZTYtOGY4OC0zNDM2M2JjN2M0YzAiOnsiY3JlYXRlIjoyNDAwMDAwMDAwMDAsImRlbGV0ZSI6MjQwMDAwMDAwMDAwLCJ1cGRhdGUiOjI0MDAwMDAwMDAwMH19",
          "dependencies": [
            "module.accelerator_creation.google_storage_bucket.bucket"
          ]
        }
      ]
    }
  ],
  "check_results": null
}
