{
  "version": 4,
  "terraform_version": "1.4.6",
  "serial": 82,
  "lineage": "118f7ef5-4657-2f5a-19fe-af4f2c8aff43",
  "outputs": {},
  "resources": [
    {
      "mode": "managed",
      "type": "google_cloudfunctions_function",
      "name": "vm-off-function",
      "provider": "provider[\"registry.terraform.io/hashicorp/google\"]",
      "instances": []
    },
    {
      "mode": "managed",
      "type": "google_cloudfunctions_function",
      "name": "vm-on-function",
      "provider": "provider[\"registry.terraform.io/hashicorp/google\"]",
      "instances": []
    },
    {
      "mode": "managed",
      "type": "google_pubsub_topic",
      "name": "topic_off",
      "provider": "provider[\"registry.terraform.io/hashicorp/google\"]",
      "instances": [
        {
          "schema_version": 0,
          "attributes": {
            "id": "projects/cloud-exponence-295312/topics/Off-topic-from-tf-kb",
            "kms_key_name": "",
            "labels": null,
            "message_retention_duration": "",
            "message_storage_policy": [],
            "name": "Off-topic-from-tf-kb",
            "project": "cloud-exponence-295312",
            "schema_settings": [],
            "timeouts": null
          },
          "sensitive_attributes": [],
          "private": "eyJlMmJmYjczMC1lY2FhLTExZTYtOGY4OC0zNDM2M2JjN2M0YzAiOnsiY3JlYXRlIjoxMjAwMDAwMDAwMDAwLCJkZWxldGUiOjEyMDAwMDAwMDAwMDAsInVwZGF0ZSI6MTIwMDAwMDAwMDAwMH19"
        }
      ]
    },
    {
      "mode": "managed",
      "type": "google_pubsub_topic",
      "name": "topic_on",
      "provider": "provider[\"registry.terraform.io/hashicorp/google\"]",
      "instances": [
        {
          "schema_version": 0,
          "attributes": {
            "id": "projects/cloud-exponence-295312/topics/On-topic-from-tf-kb",
            "kms_key_name": "",
            "labels": null,
            "message_retention_duration": "",
            "message_storage_policy": [],
            "name": "On-topic-from-tf-kb",
            "project": "cloud-exponence-295312",
            "schema_settings": [],
            "timeouts": null
          },
          "sensitive_attributes": [],
          "private": "eyJlMmJmYjczMC1lY2FhLTExZTYtOGY4OC0zNDM2M2JjN2M0YzAiOnsiY3JlYXRlIjoxMjAwMDAwMDAwMDAwLCJkZWxldGUiOjEyMDAwMDAwMDAwMDAsInVwZGF0ZSI6MTIwMDAwMDAwMDAwMH19"
        }
      ]
    },
    {
      "mode": "managed",
      "type": "google_storage_bucket_object",
      "name": "archive_start",
      "provider": "provider[\"registry.terraform.io/hashicorp/google\"]",
      "instances": []
    },
    {
      "mode": "managed",
      "type": "google_storage_bucket_object",
      "name": "archive_stop",
      "provider": "provider[\"registry.terraform.io/hashicorp/google\"]",
      "instances": []
    }
  ],
  "check_results": null
}
